
Microsoft Visual Studio Solution File, Format Version 11.00
# Visual Studio 2010
Project("{FAE04EC0-301F-11D3-BF4B-00C04F79EFBC}") = "TTRPG_case", "TTRPG_case\TTRPG_case\TTRPG_case.csproj", "{70FCBEB3-8B4A-489E-8321-8272B082E4EF}"
EndProject
Project("{FAE04EC0-301F-11D3-BF4B-00C04F79EFBC}") = "TTRPG_caseContent", "TTRPG_case\TTRPG_caseContent\TTRPG_caseContent.contentproj", "{1DDECA86-6729-41C3-B6D4-F7375326F16C}"
EndProject
Project("{FAE04EC0-301F-11D3-BF4B-00C04F79EFBC}") = "TTRPG_Serveur", "TTRPG_Serveur\TTRPG_Serveur.csproj", "{9B133847-3BA5-44B0-88E8-909AF55DEA6B}"
EndProject
Project("{FAE04EC0-301F-11D3-BF4B-00C04F79EFBC}") = "LibrairieMessagesContexte", "LibrairieMessagesContexte\LibrairieMessagesContexte.csproj", "{5EE8FD71-9E42-4EF8-9F12-3E8669D6D784}"
EndProject
Project("{FAE04EC0-301F-11D3-BF4B-00C04F79EFBC}") = "LibrairieUtil", "LibrairieUtil\LibrairieUtil.csproj", "{00385287-A1CD-42D9-86F6-899E2481E8E4}"
EndProject
Project("{FAE04EC0-301F-11D3-BF4B-00C04F79EFBC}") = "ClientServeur", "ClientServeur\ClientServeur.csproj", "{8F89F5BB-328C-406F-A66B-68E8A78A91E0}"
EndProject
Project("{FAE04EC0-301F-11D3-BF4B-00C04F79EFBC}") = "Commun", "Commun\Commun.csproj", "{62CD9ADE-B9DD-4F76-9784-98F4620E8572}"
EndProject
Project("{FAE04EC0-301F-11D3-BF4B-00C04F79EFBC}") = "CommunXnaFree", "CommunXnaFree\CommunXnaFree.csproj", "{9B510D60-E3EB-48CB-9B6D-FE220E40AF47}"
EndProject
Project("{FAE04EC0-301F-11D3-BF4B-00C04F79EFBC}") = "AStart", "..\Pathfinding\PathFinding\AStart\AStart.csproj", "{0FCEEC6A-CF99-46D4-8F27-F1F49191FFEB}"
EndProject
Global
	GlobalSection(SolutionConfigurationPlatforms) = preSolution
		Debug|Any CPU = Debug|Any CPU
		Debug|Mixed Platforms = Debug|Mixed Platforms
		Debug|x86 = Debug|x86
		Release|Any CPU = Release|Any CPU
		Release|Mixed Platforms = Release|Mixed Platforms
		Release|x86 = Release|x86
	EndGlobalSection
	GlobalSection(ProjectConfigurationPlatforms) = postSolution
		{70FCBEB3-8B4A-489E-8321-8272B082E4EF}.Debug|Any CPU.ActiveCfg = Debug|x86
		{70FCBEB3-8B4A-489E-8321-8272B082E4EF}.Debug|Mixed Platforms.ActiveCfg = Debug|x86
		{70FCBEB3-8B4A-489E-8321-8272B082E4EF}.Debug|Mixed Platforms.Build.0 = Debug|x86
		{70FCBEB3-8B4A-489E-8321-8272B082E4EF}.Debug|x86.ActiveCfg = Debug|x86
		{70FCBEB3-8B4A-489E-8321-8272B082E4EF}.Debug|x86.Build.0 = Debug|x86
		{70FCBEB3-8B4A-489E-8321-8272B082E4EF}.Release|Any CPU.ActiveCfg = Release|x86
		{70FCBEB3-8B4A-489E-8321-8272B082E4EF}.Release|Mixed Platforms.ActiveCfg = Release|x86
		{70FCBEB3-8B4A-489E-8321-8272B082E4EF}.Release|Mixed Platforms.Build.0 = Release|x86
		{70FCBEB3-8B4A-489E-8321-8272B082E4EF}.Release|x86.ActiveCfg = Release|x86
		{70FCBEB3-8B4A-489E-8321-8272B082E4EF}.Release|x86.Build.0 = Release|x86
		{1DDECA86-6729-41C3-B6D4-F7375326F16C}.Debug|Any CPU.ActiveCfg = Debug|x86
		{1DDECA86-6729-41C3-B6D4-F7375326F16C}.Debug|Mixed Platforms.ActiveCfg = Debug|x86
		{1DDECA86-6729-41C3-B6D4-F7375326F16C}.Debug|x86.ActiveCfg = Debug|x86
		{1DDECA86-6729-41C3-B6D4-F7375326F16C}.Release|Any CPU.ActiveCfg = Release|x86
		{1DDECA86-6729-41C3-B6D4-F7375326F16C}.Release|Mixed Platforms.ActiveCfg = Release|x86
		{1DDECA86-6729-41C3-B6D4-F7375326F16C}.Release|x86.ActiveCfg = Release|x86
		{9B133847-3BA5-44B0-88E8-909AF55DEA6B}.Debug|Any CPU.ActiveCfg = Debug|x86
		{9B133847-3BA5-44B0-88E8-909AF55DEA6B}.Debug|Mixed Platforms.ActiveCfg = Debug|x86
		{9B133847-3BA5-44B0-88E8-909AF55DEA6B}.Debug|Mixed Platforms.Build.0 = Debug|x86
		{9B133847-3BA5-44B0-88E8-909AF55DEA6B}.Debug|x86.ActiveCfg = Debug|x86
		{9B133847-3BA5-44B0-88E8-909AF55DEA6B}.Debug|x86.Build.0 = Debug|x86
		{9B133847-3BA5-44B0-88E8-909AF55DEA6B}.Release|Any CPU.ActiveCfg = Release|x86
		{9B133847-3BA5-44B0-88E8-909AF55DEA6B}.Release|Mixed Platforms.ActiveCfg = Release|x86
		{9B133847-3BA5-44B0-88E8-909AF55DEA6B}.Release|Mixed Platforms.Build.0 = Release|x86
		{9B133847-3BA5-44B0-88E8-909AF55DEA6B}.Release|x86.ActiveCfg = Release|x86
		{9B133847-3BA5-44B0-88E8-909AF55DEA6B}.Release|x86.Build.0 = Release|x86
		{5EE8FD71-9E42-4EF8-9F12-3E8669D6D784}.Debug|Any CPU.ActiveCfg = Debug|x86
		{5EE8FD71-9E42-4EF8-9F12-3E8669D6D784}.Debug|Mixed Platforms.ActiveCfg = Debug|x86
		{5EE8FD71-9E42-4EF8-9F12-3E8669D6D784}.Debug|Mixed Platforms.Build.0 = Debug|x86
		{5EE8FD71-9E42-4EF8-9F12-3E8669D6D784}.Debug|x86.ActiveCfg = Debug|x86
		{5EE8FD71-9E42-4EF8-9F12-3E8669D6D784}.Debug|x86.Build.0 = Debug|x86
		{5EE8FD71-9E42-4EF8-9F12-3E8669D6D784}.Release|Any CPU.ActiveCfg = Release|x86
		{5EE8FD71-9E42-4EF8-9F12-3E8669D6D784}.Release|Mixed Platforms.ActiveCfg = Release|x86
		{5EE8FD71-9E42-4EF8-9F12-3E8669D6D784}.Release|Mixed Platforms.Build.0 = Release|x86
		{5EE8FD71-9E42-4EF8-9F12-3E8669D6D784}.Release|x86.ActiveCfg = Release|x86
		{5EE8FD71-9E42-4EF8-9F12-3E8669D6D784}.Release|x86.Build.0 = Release|x86
		{00385287-A1CD-42D9-86F6-899E2481E8E4}.Debug|Any CPU.ActiveCfg = Debug|x86
		{00385287-A1CD-42D9-86F6-899E2481E8E4}.Debug|Mixed Platforms.ActiveCfg = Debug|x86
		{00385287-A1CD-42D9-86F6-899E2481E8E4}.Debug|Mixed Platforms.Build.0 = Debug|x86
		{00385287-A1CD-42D9-86F6-899E2481E8E4}.Debug|x86.ActiveCfg = Debug|x86
		{00385287-A1CD-42D9-86F6-899E2481E8E4}.Debug|x86.Build.0 = Debug|x86
		{00385287-A1CD-42D9-86F6-899E2481E8E4}.Release|Any CPU.ActiveCfg = Release|x86
		{00385287-A1CD-42D9-86F6-899E2481E8E4}.Release|Mixed Platforms.ActiveCfg = Release|x86
		{00385287-A1CD-42D9-86F6-899E2481E8E4}.Release|Mixed Platforms.Build.0 = Release|x86
		{00385287-A1CD-42D9-86F6-899E2481E8E4}.Release|x86.ActiveCfg = Release|x86
		{00385287-A1CD-42D9-86F6-899E2481E8E4}.Release|x86.Build.0 = Release|x86
		{8F89F5BB-328C-406F-A66B-68E8A78A91E0}.Debug|Any CPU.ActiveCfg = Debug|Any CPU
		{8F89F5BB-328C-406F-A66B-68E8A78A91E0}.Debug|Any CPU.Build.0 = Debug|Any CPU
		{8F89F5BB-328C-406F-A66B-68E8A78A91E0}.Debug|Mixed Platforms.ActiveCfg = Debug|Any CPU
		{8F89F5BB-328C-406F-A66B-68E8A78A91E0}.Debug|Mixed Platforms.Build.0 = Debug|Any CPU
		{8F89F5BB-328C-406F-A66B-68E8A78A91E0}.Debug|x86.ActiveCfg = Debug|Any CPU
		{8F89F5BB-328C-406F-A66B-68E8A78A91E0}.Release|Any CPU.ActiveCfg = Release|Any CPU
		{8F89F5BB-328C-406F-A66B-68E8A78A91E0}.Release|Any CPU.Build.0 = Release|Any CPU
		{8F89F5BB-328C-406F-A66B-68E8A78A91E0}.Release|Mixed Platforms.ActiveCfg = Release|Any CPU
		{8F89F5BB-328C-406F-A66B-68E8A78A91E0}.Release|Mixed Platforms.Build.0 = Release|Any CPU
		{8F89F5BB-328C-406F-A66B-68E8A78A91E0}.Release|x86.ActiveCfg = Release|Any CPU
		{62CD9ADE-B9DD-4F76-9784-98F4620E8572}.Debug|Any CPU.ActiveCfg = Debug|x86
		{62CD9ADE-B9DD-4F76-9784-98F4620E8572}.Debug|Mixed Platforms.ActiveCfg = Debug|x86
		{62CD9ADE-B9DD-4F76-9784-98F4620E8572}.Debug|Mixed Platforms.Build.0 = Debug|x86
		{62CD9ADE-B9DD-4F76-9784-98F4620E8572}.Debug|x86.ActiveCfg = Debug|x86
		{62CD9ADE-B9DD-4F76-9784-98F4620E8572}.Debug|x86.Build.0 = Debug|x86
		{62CD9ADE-B9DD-4F76-9784-98F4620E8572}.Release|Any CPU.ActiveCfg = Release|x86
		{62CD9ADE-B9DD-4F76-9784-98F4620E8572}.Release|Mixed Platforms.ActiveCfg = Release|x86
		{62CD9ADE-B9DD-4F76-9784-98F4620E8572}.Release|Mixed Platforms.Build.0 = Release|x86
		{62CD9ADE-B9DD-4F76-9784-98F4620E8572}.Release|x86.ActiveCfg = Release|x86
		{62CD9ADE-B9DD-4F76-9784-98F4620E8572}.Release|x86.Build.0 = Release|x86
		{9B510D60-E3EB-48CB-9B6D-FE220E40AF47}.Debug|Any CPU.ActiveCfg = Debug|Any CPU
		{9B510D60-E3EB-48CB-9B6D-FE220E40AF47}.Debug|Any CPU.Build.0 = Debug|Any CPU
		{9B510D60-E3EB-48CB-9B6D-FE220E40AF47}.Debug|Mixed Platforms.ActiveCfg = Debug|Any CPU
		{9B510D60-E3EB-48CB-9B6D-FE220E40AF47}.Debug|Mixed Platforms.Build.0 = Debug|Any CPU
		{9B510D60-E3EB-48CB-9B6D-FE220E40AF47}.Debug|x86.ActiveCfg = Debug|Any CPU
		{9B510D60-E3EB-48CB-9B6D-FE220E40AF47}.Release|Any CPU.ActiveCfg = Release|Any CPU
		{9B510D60-E3EB-48CB-9B6D-FE220E40AF47}.Release|Any CPU.Build.0 = Release|Any CPU
		{9B510D60-E3EB-48CB-9B6D-FE220E40AF47}.Release|Mixed Platforms.ActiveCfg = Release|Any CPU
		{9B510D60-E3EB-48CB-9B6D-FE220E40AF47}.Release|Mixed Platforms.Build.0 = Release|Any CPU
		{9B510D60-E3EB-48CB-9B6D-FE220E40AF47}.Release|x86.ActiveCfg = Release|Any CPU
		{0FCEEC6A-CF99-46D4-8F27-F1F49191FFEB}.Debug|Any CPU.ActiveCfg = Debug|x86
		{0FCEEC6A-CF99-46D4-8F27-F1F49191FFEB}.Debug|Mixed Platforms.ActiveCfg = Debug|x86
		{0FCEEC6A-CF99-46D4-8F27-F1F49191FFEB}.Debug|Mixed Platforms.Build.0 = Debug|x86
		{0FCEEC6A-CF99-46D4-8F27-F1F49191FFEB}.Debug|x86.ActiveCfg = Debug|x86
		{0FCEEC6A-CF99-46D4-8F27-F1F49191FFEB}.Debug|x86.Build.0 = Debug|x86
		{0FCEEC6A-CF99-46D4-8F27-F1F49191FFEB}.Release|Any CPU.ActiveCfg = Release|x86
		{0FCEEC6A-CF99-46D4-8F27-F1F49191FFEB}.Release|Mixed Platforms.ActiveCfg = Release|x86
		{0FCEEC6A-CF99-46D4-8F27-F1F49191FFEB}.Release|Mixed Platforms.Build.0 = Release|x86
		{0FCEEC6A-CF99-46D4-8F27-F1F49191FFEB}.Release|x86.ActiveCfg = Release|x86
		{0FCEEC6A-CF99-46D4-8F27-F1F49191FFEB}.Release|x86.Build.0 = Release|x86
	EndGlobalSection
	GlobalSection(SolutionProperties) = preSolution
		HideSolutionNode = FALSE
	EndGlobalSection
	GlobalSection(SubversionScc) = preSolution
		Svn-Managed = True
		Manager = AnkhSVN - Subversion Support for Visual Studio
	EndGlobalSection
EndGlobal
